
Microsoft Visual Studio Solution File, Format Version 12.00
# Visual Studio 15
VisualStudioVersion = 15.0.26730.16
MinimumVisualStudioVersion = 10.0.40219.1
Project("{2150E333-8FDC-42A3-9474-1A3956D46DE8}") = "Solution Items", "Solution Items", "{80B41D2C-7608-4824-A6E5-C009C65F8561}"
	ProjectSection(SolutionItems) = preProject
		.gitignore = .gitignore
		license.txt = license.txt
		README.md = README.md
	EndProjectSection
EndProject
Project("{2150E333-8FDC-42A3-9474-1A3956D46DE8}") = "Demo", "Demo", "{4186BBA3-FBD8-408B-AF5A-2848A4073DD1}"
EndProject
Project("{FAE04EC0-301F-11D3-BF4B-00C04F79EFBC}") = "SampleConsoleApp", "SampleConsoleApp\SampleConsoleApp.csproj", "{AA86F904-90E5-407F-87B6-688ED8A2FF85}"
EndProject
Project("{FAE04EC0-301F-11D3-BF4B-00C04F79EFBC}") = "DemoApp", "DemoApp\DemoApp.csproj", "{7C2CFF68-CFCD-4069-8EB4-FF136084DE1B}"
EndProject
Project("{FAE04EC0-301F-11D3-BF4B-00C04F79EFBC}") = "TrieNet", "TrieNet\TrieNet.csproj", "{1A60C4E2-8E02-48C4-BAFA-8EA0FE1BAE5E}"
EndProject
Project("{FAE04EC0-301F-11D3-BF4B-00C04F79EFBC}") = "TrieNet.Test", "TrieNet.Test\TrieNet.Test.csproj", "{84284C14-F2EE-47E1-AD63-E001A98D5954}"
EndProject
Global
	GlobalSection(SolutionConfigurationPlatforms) = preSolution
		Debug|Any CPU = Debug|Any CPU
		Debug|x86 = Debug|x86
		Release|Any CPU = Release|Any CPU
		Release|x86 = Release|x86
	EndGlobalSection
	GlobalSection(ProjectConfigurationPlatforms) = postSolution
		{AA86F904-90E5-407F-87B6-688ED8A2FF85}.Debug|Any CPU.ActiveCfg = Debug|Any CPU
		{AA86F904-90E5-407F-87B6-688ED8A2FF85}.Debug|Any CPU.Build.0 = Debug|Any CPU
		{AA86F904-90E5-407F-87B6-688ED8A2FF85}.Debug|x86.ActiveCfg = Debug|Any CPU
		{AA86F904-90E5-407F-87B6-688ED8A2FF85}.Debug|x86.Build.0 = Debug|Any CPU
		{AA86F904-90E5-407F-87B6-688ED8A2FF85}.Release|Any CPU.ActiveCfg = Release|Any CPU
		{AA86F904-90E5-407F-87B6-688ED8A2FF85}.Release|Any CPU.Build.0 = Release|Any CPU
		{AA86F904-90E5-407F-87B6-688ED8A2FF85}.Release|x86.ActiveCfg = Release|Any CPU
		{AA86F904-90E5-407F-87B6-688ED8A2FF85}.Release|x86.Build.0 = Release|Any CPU
		{7C2CFF68-CFCD-4069-8EB4-FF136084DE1B}.Debug|Any CPU.ActiveCfg = Debug|x86
		{7C2CFF68-CFCD-4069-8EB4-FF136084DE1B}.Debug|Any CPU.Build.0 = Debug|x86
		{7C2CFF68-CFCD-4069-8EB4-FF136084DE1B}.Debug|x86.ActiveCfg = Debug|x86
		{7C2CFF68-CFCD-4069-8EB4-FF136084DE1B}.Debug|x86.Build.0 = Debug|x86
		{7C2CFF68-CFCD-4069-8EB4-FF136084DE1B}.Release|Any CPU.ActiveCfg = Release|x86
		{7C2CFF68-CFCD-4069-8EB4-FF136084DE1B}.Release|x86.ActiveCfg = Release|x86
		{7C2CFF68-CFCD-4069-8EB4-FF136084DE1B}.Release|x86.Build.0 = Release|x86
		{1A60C4E2-8E02-48C4-BAFA-8EA0FE1BAE5E}.Debug|Any CPU.ActiveCfg = Debug|Any CPU
		{1A60C4E2-8E02-48C4-BAFA-8EA0FE1BAE5E}.Debug|Any CPU.Build.0 = Debug|Any CPU
		{1A60C4E2-8E02-48C4-BAFA-8EA0FE1BAE5E}.Debug|x86.ActiveCfg = Debug|Any CPU
		{1A60C4E2-8E02-48C4-BAFA-8EA0FE1BAE5E}.Debug|x86.Build.0 = Debug|Any CPU
		{1A60C4E2-8E02-48C4-BAFA-8EA0FE1BAE5E}.Release|Any CPU.ActiveCfg = Release|Any CPU
		{1A60C4E2-8E02-48C4-BAFA-8EA0FE1BAE5E}.Release|Any CPU.Build.0 = Release|Any CPU
		{1A60C4E2-8E02-48C4-BAFA-8EA0FE1BAE5E}.Release|x86.ActiveCfg = Release|Any CPU
		{1A60C4E2-8E02-48C4-BAFA-8EA0FE1BAE5E}.Release|x86.Build.0 = Release|Any CPU
		{84284C14-F2EE-47E1-AD63-E001A98D5954}.Debug|Any CPU.ActiveCfg = Debug|Any CPU
		{84284C14-F2EE-47E1-AD63-E001A98D5954}.Debug|Any CPU.Build.0 = Debug|Any CPU
		{84284C14-F2EE-47E1-AD63-E001A98D5954}.Debug|x86.ActiveCfg = Debug|Any CPU
		{84284C14-F2EE-47E1-AD63-E001A98D5954}.Debug|x86.Build.0 = Debug|Any CPU
		{84284C14-F2EE-47E1-AD63-E001A98D5954}.Release|Any CPU.ActiveCfg = Release|Any CPU
		{84284C14-F2EE-47E1-AD63-E001A98D5954}.Release|Any CPU.Build.0 = Release|Any CPU
		{84284C14-F2EE-47E1-AD63-E001A98D5954}.Release|x86.ActiveCfg = Release|Any CPU
		{84284C14-F2EE-47E1-AD63-E001A98D5954}.Release|x86.Build.0 = Release|Any CPU
	EndGlobalSection
	GlobalSection(SolutionProperties) = preSolution
		HideSolutionNode = FALSE
	EndGlobalSection
	GlobalSection(NestedProjects) = preSolution
		{AA86F904-90E5-407F-87B6-688ED8A2FF85} = {4186BBA3-FBD8-408B-AF5A-2848A4073DD1}
		{7C2CFF68-CFCD-4069-8EB4-FF136084DE1B} = {4186BBA3-FBD8-408B-AF5A-2848A4073DD1}
	EndGlobalSection
	GlobalSection(ExtensibilityGlobals) = postSolution
		SolutionGuid = {C570FD29-9F0C-417A-BB07-2135E30E76F3}
	EndGlobalSection
EndGlobal
